name: choppingblock
on:
  issues:
    types:
      - labeled
jobs:
  add-comment:
    if: github.event.label.name == 'ok'
    runs-on: ubuntu-latest
    permissions:
      issues: write
      contents: write
    steps:
      - name: Checkout repository
        uses: actions/checkout@v2

      - name: Extract domain from issue body
        id: extract-domain
        run: |
          jq -r '.issue.body' "$GITHUB_EVENT_PATH" >> choppingblock.txt
          sed -i '3!d' choppingblock.txt

      - name: Close Issue
        uses: peter-evans/close-issue@v3
        with:
          issue-number: ${{ github.event.issue.number }}
          comment: uhuh

      - name: Commit and push changes
        run: |
          git config --global user.email "actions@github.com"
          git config --global user.name "GitHub Actions"
          git remote set-url origin "https://${{ secrets.GH_TOKEN }}@github.com/mefinity/bebasin-sendiri.git"
          git add choppingblock.txt
          git commit -m "Add Domain"
          git push origin main